
Microsoft Visual Studio Solution File, Format Version 12.00
# Visual Studio Version 17
VisualStudioVersion = 17.7.34024.191
MinimumVisualStudioVersion = 10.0.40219.1
Project("{FAE04EC0-301F-11D3-BF4B-00C04F79EFBC}") = "InfoSystem10LabaKapetz", "InfoSystem10LabaKapetz.csproj", "{06B94F00-6A98-4D54-8738-4ACBC2C6CDE6}"
EndProject
Global
	GlobalSection(SolutionConfigurationPlatforms) = preSolution
		Debug|Any CPU = Debug|Any CPU
		Release|Any CPU = Release|Any CPU
	EndGlobalSection
	GlobalSection(ProjectConfigurationPlatforms) = postSolution
		{06B94F00-6A98-4D54-8738-4ACBC2C6CDE6}.Debug|Any CPU.ActiveCfg = Debug|Any CPU
		{06B94F00-6A98-4D54-8738-4ACBC2C6CDE6}.Debug|Any CPU.Build.0 = Debug|Any CPU
		{06B94F00-6A98-4D54-8738-4ACBC2C6CDE6}.Release|Any CPU.ActiveCfg = Release|Any CPU
		{06B94F00-6A98-4D54-8738-4ACBC2C6CDE6}.Release|Any CPU.Build.0 = Release|Any CPU
	EndGlobalSection
	GlobalSection(SolutionProperties) = preSolution
		HideSolutionNode = FALSE
	EndGlobalSection
	GlobalSection(ExtensibilityGlobals) = postSolution
		SolutionGuid = {0F34DA31-2896-40FA-8B20-4AFDA8E59661}
	EndGlobalSection
EndGlobal
